
Microsoft Visual Studio Solution File, Format Version 12.00
# Visual Studio Version 16
VisualStudioVersion = 16.0.29806.167
MinimumVisualStudioVersion = 10.0.40219.1
Project("{FAE04EC0-301F-11D3-BF4B-00C04F79EFBC}") = "OOps", "ConsoleApp3\OOps.csproj", "{ABADBFF5-96C5-4F18-8192-D72A81255FAC}"
EndProject
Project("{FAE04EC0-301F-11D3-BF4B-00C04F79EFBC}") = "CoreWebApplication", "WebApplication1\CoreWebApplication.csproj", "{2533BA80-2284-4978-962A-4A86CF70EEAE}"
EndProject
Project("{FAE04EC0-301F-11D3-BF4B-00C04F79EFBC}") = "DesignPatterns", "DesignPatterns\DesignPatterns.csproj", "{69FD925E-16A0-4306-9FA8-5A6C883FB98C}"
EndProject
Project("{9A19103F-16F7-4668-BE54-9A1E7A4F7556}") = "Azure Services", "Azure Services\Azure Services.csproj", "{1AEF8FDD-F2CC-4B62-8C0B-8CF20EA1983A}"
EndProject
Project("{9A19103F-16F7-4668-BE54-9A1E7A4F7556}") = "testdeploymentslotsdotnetcore", "testdeploymentslotsdotnetcore\testdeploymentslotsdotnetcore.csproj", "{26E68D8F-1A68-4288-8667-6AD64F6886E6}"
EndProject
Project("{2150E333-8FDC-42A3-9474-1A3956D46DE8}") = "Microservices", "Microservices", "{C820BE84-B223-4D72-B33B-E9E727743F46}"
EndProject
Project("{9A19103F-16F7-4668-BE54-9A1E7A4F7556}") = "Faces.API", "Faces.API\Faces.API.csproj", "{7673E01E-0A1A-4C14-B8B5-26B93A2BB0C5}"
EndProject
Project("{9A19103F-16F7-4668-BE54-9A1E7A4F7556}") = "Faces.API.Tests", "Faces.API.Tests\Faces.API.Tests.csproj", "{C8D9F563-2E65-462A-9CF3-C8EE1E5C343D}"
EndProject
Project("{2150E333-8FDC-42A3-9474-1A3956D46DE8}") = "Azure", "Azure", "{E7300FB1-F272-480A-8919-C21525CFC618}"
EndProject
Project("{2150E333-8FDC-42A3-9474-1A3956D46DE8}") = "FunctionApp", "FunctionApp", "{31C1EAC3-E26D-4BBD-A44F-EB19923B4E6A}"
EndProject
Project("{9A19103F-16F7-4668-BE54-9A1E7A4F7556}") = "FunctionApps", "FunctionApps\FunctionApps.csproj", "{ACB12931-75E8-4345-87AD-6D63AF33DA9E}"
EndProject
Project("{2150E333-8FDC-42A3-9474-1A3956D46DE8}") = "Database", "Database", "{59E78485-6D68-486A-9CA4-656033578BEA}"
EndProject
Project("{FAE04EC0-301F-11D3-BF4B-00C04F79EFBC}") = "MongoDB", "MongoDB\MongoDB.csproj", "{7B96458F-8A49-4D2A-8B88-60483F9F51F2}"
EndProject
Project("{2150E333-8FDC-42A3-9474-1A3956D46DE8}") = "AWS", "AWS", "{B7EF91FA-6B87-4723-AACB-AB861D1CA308}"
EndProject
Project("{2150E333-8FDC-42A3-9474-1A3956D46DE8}") = "Lambda", "Lambda", "{ED82F51A-AE9E-40FC-8BD8-FEDA20965132}"
EndProject
Project("{9A19103F-16F7-4668-BE54-9A1E7A4F7556}") = "LambdaWithTest", "LambdaWithTest\LambdaWithTest.csproj", "{8B617B93-3D9A-4403-B5FF-18A42EC7F317}"
EndProject
Project("{9A19103F-16F7-4668-BE54-9A1E7A4F7556}") = "LambdaWithTest.Tests", "LambdaWithTest.Tests\LambdaWithTest.Tests.csproj", "{A190FC56-C255-489D-BA49-324DC32146BA}"
EndProject
Global
	GlobalSection(SolutionConfigurationPlatforms) = preSolution
		Debug|Any CPU = Debug|Any CPU
		Release|Any CPU = Release|Any CPU
	EndGlobalSection
	GlobalSection(ProjectConfigurationPlatforms) = postSolution
		{ABADBFF5-96C5-4F18-8192-D72A81255FAC}.Debug|Any CPU.ActiveCfg = Debug|Any CPU
		{ABADBFF5-96C5-4F18-8192-D72A81255FAC}.Debug|Any CPU.Build.0 = Debug|Any CPU
		{ABADBFF5-96C5-4F18-8192-D72A81255FAC}.Release|Any CPU.ActiveCfg = Release|Any CPU
		{ABADBFF5-96C5-4F18-8192-D72A81255FAC}.Release|Any CPU.Build.0 = Release|Any CPU
		{2533BA80-2284-4978-962A-4A86CF70EEAE}.Debug|Any CPU.ActiveCfg = Debug|Any CPU
		{2533BA80-2284-4978-962A-4A86CF70EEAE}.Debug|Any CPU.Build.0 = Debug|Any CPU
		{2533BA80-2284-4978-962A-4A86CF70EEAE}.Release|Any CPU.ActiveCfg = Release|Any CPU
		{2533BA80-2284-4978-962A-4A86CF70EEAE}.Release|Any CPU.Build.0 = Release|Any CPU
		{69FD925E-16A0-4306-9FA8-5A6C883FB98C}.Debug|Any CPU.ActiveCfg = Debug|Any CPU
		{69FD925E-16A0-4306-9FA8-5A6C883FB98C}.Debug|Any CPU.Build.0 = Debug|Any CPU
		{69FD925E-16A0-4306-9FA8-5A6C883FB98C}.Release|Any CPU.ActiveCfg = Release|Any CPU
		{69FD925E-16A0-4306-9FA8-5A6C883FB98C}.Release|Any CPU.Build.0 = Release|Any CPU
		{1AEF8FDD-F2CC-4B62-8C0B-8CF20EA1983A}.Debug|Any CPU.ActiveCfg = Debug|Any CPU
		{1AEF8FDD-F2CC-4B62-8C0B-8CF20EA1983A}.Debug|Any CPU.Build.0 = Debug|Any CPU
		{1AEF8FDD-F2CC-4B62-8C0B-8CF20EA1983A}.Release|Any CPU.ActiveCfg = Release|Any CPU
		{1AEF8FDD-F2CC-4B62-8C0B-8CF20EA1983A}.Release|Any CPU.Build.0 = Release|Any CPU
		{26E68D8F-1A68-4288-8667-6AD64F6886E6}.Debug|Any CPU.ActiveCfg = Debug|Any CPU
		{26E68D8F-1A68-4288-8667-6AD64F6886E6}.Debug|Any CPU.Build.0 = Debug|Any CPU
		{26E68D8F-1A68-4288-8667-6AD64F6886E6}.Release|Any CPU.ActiveCfg = Release|Any CPU
		{26E68D8F-1A68-4288-8667-6AD64F6886E6}.Release|Any CPU.Build.0 = Release|Any CPU
		{7673E01E-0A1A-4C14-B8B5-26B93A2BB0C5}.Debug|Any CPU.ActiveCfg = Debug|Any CPU
		{7673E01E-0A1A-4C14-B8B5-26B93A2BB0C5}.Debug|Any CPU.Build.0 = Debug|Any CPU
		{7673E01E-0A1A-4C14-B8B5-26B93A2BB0C5}.Release|Any CPU.ActiveCfg = Release|Any CPU
		{7673E01E-0A1A-4C14-B8B5-26B93A2BB0C5}.Release|Any CPU.Build.0 = Release|Any CPU
		{C8D9F563-2E65-462A-9CF3-C8EE1E5C343D}.Debug|Any CPU.ActiveCfg = Debug|Any CPU
		{C8D9F563-2E65-462A-9CF3-C8EE1E5C343D}.Debug|Any CPU.Build.0 = Debug|Any CPU
		{C8D9F563-2E65-462A-9CF3-C8EE1E5C343D}.Release|Any CPU.ActiveCfg = Release|Any CPU
		{C8D9F563-2E65-462A-9CF3-C8EE1E5C343D}.Release|Any CPU.Build.0 = Release|Any CPU
		{ACB12931-75E8-4345-87AD-6D63AF33DA9E}.Debug|Any CPU.ActiveCfg = Debug|Any CPU
		{ACB12931-75E8-4345-87AD-6D63AF33DA9E}.Debug|Any CPU.Build.0 = Debug|Any CPU
		{ACB12931-75E8-4345-87AD-6D63AF33DA9E}.Release|Any CPU.ActiveCfg = Release|Any CPU
		{ACB12931-75E8-4345-87AD-6D63AF33DA9E}.Release|Any CPU.Build.0 = Release|Any CPU
		{7B96458F-8A49-4D2A-8B88-60483F9F51F2}.Debug|Any CPU.ActiveCfg = Debug|Any CPU
		{7B96458F-8A49-4D2A-8B88-60483F9F51F2}.Debug|Any CPU.Build.0 = Debug|Any CPU
		{7B96458F-8A49-4D2A-8B88-60483F9F51F2}.Release|Any CPU.ActiveCfg = Release|Any CPU
		{7B96458F-8A49-4D2A-8B88-60483F9F51F2}.Release|Any CPU.Build.0 = Release|Any CPU
		{8B617B93-3D9A-4403-B5FF-18A42EC7F317}.Debug|Any CPU.ActiveCfg = Debug|Any CPU
		{8B617B93-3D9A-4403-B5FF-18A42EC7F317}.Debug|Any CPU.Build.0 = Debug|Any CPU
		{8B617B93-3D9A-4403-B5FF-18A42EC7F317}.Release|Any CPU.ActiveCfg = Release|Any CPU
		{8B617B93-3D9A-4403-B5FF-18A42EC7F317}.Release|Any CPU.Build.0 = Release|Any CPU
		{A190FC56-C255-489D-BA49-324DC32146BA}.Debug|Any CPU.ActiveCfg = Debug|Any CPU
		{A190FC56-C255-489D-BA49-324DC32146BA}.Debug|Any CPU.Build.0 = Debug|Any CPU
		{A190FC56-C255-489D-BA49-324DC32146BA}.Release|Any CPU.ActiveCfg = Release|Any CPU
		{A190FC56-C255-489D-BA49-324DC32146BA}.Release|Any CPU.Build.0 = Release|Any CPU
	EndGlobalSection
	GlobalSection(SolutionProperties) = preSolution
		HideSolutionNode = FALSE
	EndGlobalSection
	GlobalSection(NestedProjects) = preSolution
		{7673E01E-0A1A-4C14-B8B5-26B93A2BB0C5} = {C820BE84-B223-4D72-B33B-E9E727743F46}
		{C8D9F563-2E65-462A-9CF3-C8EE1E5C343D} = {C820BE84-B223-4D72-B33B-E9E727743F46}
		{31C1EAC3-E26D-4BBD-A44F-EB19923B4E6A} = {E7300FB1-F272-480A-8919-C21525CFC618}
		{ACB12931-75E8-4345-87AD-6D63AF33DA9E} = {31C1EAC3-E26D-4BBD-A44F-EB19923B4E6A}
		{7B96458F-8A49-4D2A-8B88-60483F9F51F2} = {59E78485-6D68-486A-9CA4-656033578BEA}
		{ED82F51A-AE9E-40FC-8BD8-FEDA20965132} = {B7EF91FA-6B87-4723-AACB-AB861D1CA308}
		{8B617B93-3D9A-4403-B5FF-18A42EC7F317} = {ED82F51A-AE9E-40FC-8BD8-FEDA20965132}
		{A190FC56-C255-489D-BA49-324DC32146BA} = {ED82F51A-AE9E-40FC-8BD8-FEDA20965132}
	EndGlobalSection
	GlobalSection(ExtensibilityGlobals) = postSolution
		SolutionGuid = {EDDF97CE-6417-4B83-B71D-087A7191AFF6}
	EndGlobalSection
EndGlobal
